Microsoft Visual Studio Solution File, Format Version 11.00
# Visual Studio 2010
Project("{FAE04EC0-301F-11D3-BF4B-00C04F79EFBC}") = "SliderApp", "SliderApp\SliderApp.csproj", "{B3A47F22-75F9-4C58-B4B7-1D2CB43BBDEE}"
EndProject
Global
	GlobalSection(SolutionConfigurationPlatforms) = preSolution
		Debug|x86 = Debug|x86
		Release|x86 = Release|x86
	EndGlobalSection
	GlobalSection(ProjectConfigurationPlatforms) = postSolution
		{B3A47F22-75F9-4C58-B4B7-1D2CB43BBDEE}.Debug|x86.ActiveCfg = Debug|x86
		{B3A47F22-75F9-4C58-B4B7-1D2CB43BBDEE}.Debug|x86.Build.0 = Debug|x86
		{B3A47F22-75F9-4C58-B4B7-1D2CB43BBDEE}.Release|x86.ActiveCfg = Release|x86
		{B3A47F22-75F9-4C58-B4B7-1D2CB43BBDEE}.Release|x86.Build.0 = Release|x86
	EndGlobalSection
	GlobalSection(SolutionProperties) = preSolution
		HideSolutionNode = FALSE
	EndGlobalSection
EndGlobal
